
Microsoft Visual Studio Solution File, Format Version 12.00
# Visual Studio 14
VisualStudioVersion = 14.0.25420.1
MinimumVisualStudioVersion = 10.0.40219.1
Project("{FAE04EC0-301F-11D3-BF4B-00C04F79EFBC}") = "Client", "Client\Client.csproj", "{6F25FD6C-A5AF-47F9-A3AC-8C3E22710691}"
EndProject
Project("{FAE04EC0-301F-11D3-BF4B-00C04F79EFBC}") = "MyService", "MyService\MyService.csproj", "{C3CE9ED2-82E7-4190-AC0B-22F3FE22C5A0}"
EndProject
Global
	GlobalSection(SolutionConfigurationPlatforms) = preSolution
		Debug|Any CPU = Debug|Any CPU
		Release|Any CPU = Release|Any CPU
	EndGlobalSection
	GlobalSection(ProjectConfigurationPlatforms) = postSolution
		{6F25FD6C-A5AF-47F9-A3AC-8C3E22710691}.Debug|Any CPU.ActiveCfg = Debug|Any CPU
		{6F25FD6C-A5AF-47F9-A3AC-8C3E22710691}.Debug|Any CPU.Build.0 = Debug|Any CPU
		{6F25FD6C-A5AF-47F9-A3AC-8C3E22710691}.Release|Any CPU.ActiveCfg = Release|Any CPU
		{6F25FD6C-A5AF-47F9-A3AC-8C3E22710691}.Release|Any CPU.Build.0 = Release|Any CPU
		{C3CE9ED2-82E7-4190-AC0B-22F3FE22C5A0}.Debug|Any CPU.ActiveCfg = Debug|Any CPU
		{C3CE9ED2-82E7-4190-AC0B-22F3FE22C5A0}.Debug|Any CPU.Build.0 = Debug|Any CPU
		{C3CE9ED2-82E7-4190-AC0B-22F3FE22C5A0}.Release|Any CPU.ActiveCfg = Release|Any CPU
		{C3CE9ED2-82E7-4190-AC0B-22F3FE22C5A0}.Release|Any CPU.Build.0 = Release|Any CPU
	EndGlobalSection
	GlobalSection(SolutionProperties) = preSolution
		HideSolutionNode = FALSE
	EndGlobalSection
EndGlobal
